<?xml version="1.0" encoding="utf-8"?>
<Project ToolsVersion="4.0" xmlns="http://schemas.microsoft.com/developer/msbuild/2003">
  <ItemGroup>
    <Filter Include="源文件">
      <UniqueIdentifier>{4FC737F1-C7A5-4376-A066-2A32D752A2FF}</UniqueIdentifier>
      <Extensions>cpp;c;cc;cxx;c++;cppm;ixx;def;odl;idl;hpj;bat;asm;asmx</Extensions>
    </Filter>
    <Filter Include="头文件">
      <UniqueIdentifier>{93995380-89BD-4b04-88EB-625FBE52EBFB}</UniqueIdentifier>
      <Extensions>h;hh;hpp;hxx;h++;hm;inl;inc;ipp;xsd</Extensions>
    </Filter>
    <Filter Include="资源文件">
      <UniqueIdentifier>{67DA6AB6-F800-4c08-8B7A-83BB121AAD01}</UniqueIdentifier>
      <Extensions>rc;ico;cur;bmp;dlg;rc2;rct;bin;rgs;gif;jpg;jpeg;jpe;resx;tiff;tif;png;wav;mfcribbon-ms</Extensions>
    </Filter>
  </ItemGroup>
  <ItemGroup>
    <ClCompile Include="lhs_script.c">
      <Filter>源文件</Filter>
    </ClCompile>
    <ClCompile Include="lhs_alloc.c">
      <Filter>源文件</Filter>
    </ClCompile>
    <ClCompile Include="lhs_vm.c">
      <Filter>源文件</Filter>
    </ClCompile>
    <ClCompile Include="lhs_hash.c">
      <Filter>源文件</Filter>
    </ClCompile>
    <ClCompile Include="lhs_value.c">
      <Filter>源文件</Filter>
    </ClCompile>
    <ClCompile Include="lhs_vector.c">
      <Filter>源文件</Filter>
    </ClCompile>
    <ClCompile Include="lhs_gc.c">
      <Filter>源文件</Filter>
    </ClCompile>
    <ClCompile Include="lhs_frame.c">
      <Filter>源文件</Filter>
    </ClCompile>
    <ClCompile Include="lhs_load.c">
      <Filter>源文件</Filter>
    </ClCompile>
    <ClCompile Include="lhs_parser.c">
      <Filter>源文件</Filter>
    </ClCompile>
    <ClCompile Include="lhs_execute.c">
      <Filter>源文件</Filter>
    </ClCompile>
    <ClCompile Include="lhs_strbuf.c">
      <Filter>源文件</Filter>
    </ClCompile>
    <ClCompile Include="lhs_debug.c">
      <Filter>源文件</Filter>
    </ClCompile>
    <ClCompile Include="lhs_variable.c">
      <Filter>源文件</Filter>
    </ClCompile>
    <ClCompile Include="lhs_code.c">
      <Filter>源文件</Filter>
    </ClCompile>
  </ItemGroup>
  <ItemGroup>
    <ClInclude Include="lhs_assert.h">
      <Filter>头文件</Filter>
    </ClInclude>
    <ClInclude Include="lhs_alloc.h">
      <Filter>头文件</Filter>
    </ClInclude>
    <ClInclude Include="lhs_vm.h">
      <Filter>头文件</Filter>
    </ClInclude>
    <ClInclude Include="lhs_config.h">
      <Filter>头文件</Filter>
    </ClInclude>
    <ClInclude Include="lhs_value.h">
      <Filter>头文件</Filter>
    </ClInclude>
    <ClInclude Include="lhs_hash.h">
      <Filter>头文件</Filter>
    </ClInclude>
    <ClInclude Include="lhs_vector.h">
      <Filter>头文件</Filter>
    </ClInclude>
    <ClInclude Include="lhs_gc.h">
      <Filter>头文件</Filter>
    </ClInclude>
    <ClInclude Include="lhs_link.h">
      <Filter>头文件</Filter>
    </ClInclude>
    <ClInclude Include="lhs_frame.h">
      <Filter>头文件</Filter>
    </ClInclude>
    <ClInclude Include="lhs_load.h">
      <Filter>头文件</Filter>
    </ClInclude>
    <ClInclude Include="lhs_parser.h">
      <Filter>头文件</Filter>
    </ClInclude>
    <ClInclude Include="lhs_execute.h">
      <Filter>头文件</Filter>
    </ClInclude>
    <ClInclude Include="lhs_error.h">
      <Filter>头文件</Filter>
    </ClInclude>
    <ClInclude Include="lhs_strbuf.h">
      <Filter>头文件</Filter>
    </ClInclude>
    <ClInclude Include="lhs_variable.h">
      <Filter>头文件</Filter>
    </ClInclude>
    <ClInclude Include="lhs_debug.h">
      <Filter>头文件</Filter>
    </ClInclude>
    <ClInclude Include="lhs_code.h">
      <Filter>头文件</Filter>
    </ClInclude>
  </ItemGroup>
</Project>